
Microsoft Visual Studio Solution File, Format Version 12.00
# Visual Studio Version 16
VisualStudioVersion = 16.0.29709.97
MinimumVisualStudioVersion = 10.0.40219.1
Project("{9A19103F-16F7-4668-BE54-9A1E7A4F7556}") = "script", "script\script.csproj", "{E74BEE8D-F352-4CB8-8D51-E55DC9DBCA13}"
EndProject
Project("{FAE04EC0-301F-11D3-BF4B-00C04F79EFBC}") = "script-editor", "script-editor\script-editor.csproj", "{43C90FC2-DD02-47C1-ADC9-55BC33710992}"
EndProject
Global
	GlobalSection(SolutionConfigurationPlatforms) = preSolution
		Debug|Any CPU = Debug|Any CPU
		Release|Any CPU = Release|Any CPU
	EndGlobalSection
	GlobalSection(ProjectConfigurationPlatforms) = postSolution
		{E74BEE8D-F352-4CB8-8D51-E55DC9DBCA13}.Debug|Any CPU.ActiveCfg = Debug|Any CPU
		{E74BEE8D-F352-4CB8-8D51-E55DC9DBCA13}.Debug|Any CPU.Build.0 = Debug|Any CPU
		{E74BEE8D-F352-4CB8-8D51-E55DC9DBCA13}.Release|Any CPU.ActiveCfg = Release|Any CPU
		{E74BEE8D-F352-4CB8-8D51-E55DC9DBCA13}.Release|Any CPU.Build.0 = Release|Any CPU
		{43C90FC2-DD02-47C1-ADC9-55BC33710992}.Debug|Any CPU.ActiveCfg = Debug|Any CPU
		{43C90FC2-DD02-47C1-ADC9-55BC33710992}.Debug|Any CPU.Build.0 = Debug|Any CPU
		{43C90FC2-DD02-47C1-ADC9-55BC33710992}.Release|Any CPU.ActiveCfg = Release|Any CPU
		{43C90FC2-DD02-47C1-ADC9-55BC33710992}.Release|Any CPU.Build.0 = Release|Any CPU
	EndGlobalSection
	GlobalSection(SolutionProperties) = preSolution
		HideSolutionNode = FALSE
	EndGlobalSection
	GlobalSection(ExtensibilityGlobals) = postSolution
		SolutionGuid = {DC557610-8F12-45AA-BA52-E4A7C862BB93}
	EndGlobalSection
EndGlobal
