PODS:
  - connectivity (0.0.1):
    - Flutter
    - Reachability
  - device_info_plus (0.0.1):
    - Flutter
  - DKImagePickerController/Core (4.3.4):
    - DKImagePickerController/ImageDataManager
    - DKImagePickerController/Resource
  - DKImagePickerController/ImageDataManager (4.3.4)
  - DKImagePickerController/PhotoGallery (4.3.4):
    - DKImagePickerController/Core
    - DKPhotoGallery
  - DKImagePickerController/Resource (4.3.4)
  - DKPhotoGallery (0.0.17):
    - DKPhotoGallery/Core (= 0.0.17)
    - DKPhotoGallery/Model (= 0.0.17)
    - DKPhotoGallery/Preview (= 0.0.17)
    - DKPhotoGallery/Resource (= 0.0.17)
    - SDWebImage
    - SwiftyGif
  - DKPhotoGallery/Core (0.0.17):
    - DKPhotoGallery/Model
    - DKPhotoGallery/Preview
    - SDWebImage
    - SwiftyGif
  - DKPhotoGallery/Model (0.0.17):
    - SDWebImage
    - SwiftyGif
  - DKPhotoGallery/Preview (0.0.17):
    - DKPhotoGallery/Model
    - DKPhotoGallery/Resource
    - SDWebImage
    - SwiftyGif
  - DKPhotoGallery/Resource (0.0.17):
    - SDWebImage
    - SwiftyGif
  - file_picker (0.0.1):
    - DKImagePickerController/PhotoGallery
    - Flutter
  - Firebase/Analytics (10.15.0):
    - Firebase/Core
  - Firebase/Core (10.15.0):
    - Firebase/CoreOnly
    - FirebaseAnalytics (~> 10.15.0)
  - Firebase/CoreOnly (10.15.0):
    - FirebaseCore (= 10.15.0)
  - Firebase/Crashlytics (10.15.0):
    - Firebase/CoreOnly
    - FirebaseCrashlytics (~> 10.15.0)
  - firebase_analytics (10.5.1):
    - Firebase/Analytics (= 10.15.0)
    - firebase_core
    - Flutter
  - firebase_core (2.17.0):
    - Firebase/CoreOnly (= 10.15.0)
    - Flutter
  - firebase_crashlytics (3.3.7):
    - Firebase/Crashlytics (= 10.15.0)
    - firebase_core
    - Flutter
  - FirebaseAnalytics (10.15.0):
    - FirebaseAnalytics/AdIdSupport (= 10.15.0)
    - FirebaseCore (~> 10.0)
    - FirebaseInstallations (~> 10.0)
    - GoogleUtilities/AppDelegateSwizzler (~> 7.11)
    - GoogleUtilities/MethodSwizzler (~> 7.11)
    - GoogleUtilities/Network (~> 7.11)
    - "GoogleUtilities/NSData+zlib (~> 7.11)"
    - nanopb (< 2.30910.0, >= 2.30908.0)
  - FirebaseAnalytics/AdIdSupport (10.15.0):
    - FirebaseCore (~> 10.0)
    - FirebaseInstallations (~> 10.0)
    - GoogleAppMeasurement (= 10.15.0)
    - GoogleUtilities/AppDelegateSwizzler (~> 7.11)
    - GoogleUtilities/MethodSwizzler (~> 7.11)
    - GoogleUtilities/Network (~> 7.11)
    - "GoogleUtilities/NSData+zlib (~> 7.11)"
    - nanopb (< 2.30910.0, >= 2.30908.0)
  - FirebaseCore (10.15.0):
    - FirebaseCoreInternal (~> 10.0)
    - GoogleUtilities/Environment (~> 7.8)
    - GoogleUtilities/Logger (~> 7.8)
  - FirebaseCoreExtension (10.16.0):
    - FirebaseCore (~> 10.0)
  - FirebaseCoreInternal (10.16.0):
    - "GoogleUtilities/NSData+zlib (~> 7.8)"
  - FirebaseCrashlytics (10.15.0):
    - FirebaseCore (~> 10.5)
    - FirebaseInstallations (~> 10.0)
    - FirebaseSessions (~> 10.5)
    - GoogleDataTransport (~> 9.2)
    - GoogleUtilities/Environment (~> 7.8)
    - nanopb (< 2.30910.0, >= 2.30908.0)
    - PromisesObjC (~> 2.1)
  - FirebaseInstallations (10.16.0):
    - FirebaseCore (~> 10.0)
    - GoogleUtilities/Environment (~> 7.8)
    - GoogleUtilities/UserDefaults (~> 7.8)
    - PromisesObjC (~> 2.1)
  - FirebaseSessions (10.16.0):
    - FirebaseCore (~> 10.5)
    - FirebaseCoreExtension (~> 10.0)
    - FirebaseInstallations (~> 10.0)
    - GoogleDataTransport (~> 9.2)
    - GoogleUtilities/Environment (~> 7.10)
    - nanopb (< 2.30910.0, >= 2.30908.0)
    - PromisesSwift (~> 2.1)
  - Flutter (1.0.0)
  - flutter_downloader (0.0.1):
    - Flutter
  - flutter_image_compress_common (1.0.0):
    - Flutter
    - Mantle
    - SDWebImage
    - SDWebImageWebPCoder
  - flutter_inappwebview (0.0.1):
    - Flutter
    - flutter_inappwebview/Core (= 0.0.1)
    - OrderedSet (~> 5.0)
  - flutter_inappwebview/Core (0.0.1):
    - Flutter
    - OrderedSet (~> 5.0)
  - flutter_js (0.1.0):
    - Flutter
  - flutter_keyboard_visibility (0.0.1):
    - Flutter
  - fluttertoast (0.0.2):
    - Flutter
    - Toast
  - FMDB (2.7.5):
    - FMDB/standard (= 2.7.5)
  - FMDB/standard (2.7.5)
  - GoogleAppMeasurement (10.15.0):
    - GoogleAppMeasurement/AdIdSupport (= 10.15.0)
    - GoogleUtilities/AppDelegateSwizzler (~> 7.11)
    - GoogleUtilities/MethodSwizzler (~> 7.11)
    - GoogleUtilities/Network (~> 7.11)
    - "GoogleUtilities/NSData+zlib (~> 7.11)"
    - nanopb (< 2.30910.0, >= 2.30908.0)
  - GoogleAppMeasurement/AdIdSupport (10.15.0):
    - GoogleAppMeasurement/WithoutAdIdSupport (= 10.15.0)
    - GoogleUtilities/AppDelegateSwizzler (~> 7.11)
    - GoogleUtilities/MethodSwizzler (~> 7.11)
    - GoogleUtilities/Network (~> 7.11)
    - "GoogleUtilities/NSData+zlib (~> 7.11)"
    - nanopb (< 2.30910.0, >= 2.30908.0)
  - GoogleAppMeasurement/WithoutAdIdSupport (10.15.0):
    - GoogleUtilities/AppDelegateSwizzler (~> 7.11)
    - GoogleUtilities/MethodSwizzler (~> 7.11)
    - GoogleUtilities/Network (~> 7.11)
    - "GoogleUtilities/NSData+zlib (~> 7.11)"
    - nanopb (< 2.30910.0, >= 2.30908.0)
  - GoogleDataTransport (9.2.5):
    - GoogleUtilities/Environment (~> 7.7)
    - nanopb (< 2.30910.0, >= 2.30908.0)
    - PromisesObjC (< 3.0, >= 1.2)
  - GoogleUtilities/AppDelegateSwizzler (7.11.5):
    - GoogleUtilities/Environment
    - GoogleUtilities/Logger
    - GoogleUtilities/Network
  - GoogleUtilities/Environment (7.11.5):
    - PromisesObjC (< 3.0, >= 1.2)
  - GoogleUtilities/Logger (7.11.5):
    - GoogleUtilities/Environment
  - GoogleUtilities/MethodSwizzler (7.11.5):
    - GoogleUtilities/Logger
  - GoogleUtilities/Network (7.11.5):
    - GoogleUtilities/Logger
    - "GoogleUtilities/NSData+zlib"
    - GoogleUtilities/Reachability
  - "GoogleUtilities/NSData+zlib (7.11.5)"
  - GoogleUtilities/Reachability (7.11.5):
    - GoogleUtilities/Logger
  - GoogleUtilities/UserDefaults (7.11.5):
    - GoogleUtilities/Logger
  - libwebp (1.3.2):
    - libwebp/demux (= 1.3.2)
    - libwebp/mux (= 1.3.2)
    - libwebp/sharpyuv (= 1.3.2)
    - libwebp/webp (= 1.3.2)
  - libwebp/demux (1.3.2):
    - libwebp/webp
  - libwebp/mux (1.3.2):
    - libwebp/demux
  - libwebp/sharpyuv (1.3.2)
  - libwebp/webp (1.3.2):
    - libwebp/sharpyuv
  - local_auth_ios (0.0.1):
    - Flutter
  - Mantle (2.2.0):
    - Mantle/extobjc (= 2.2.0)
  - Mantle/extobjc (2.2.0)
  - nanopb (2.30909.0):
    - nanopb/decode (= 2.30909.0)
    - nanopb/encode (= 2.30909.0)
  - nanopb/decode (2.30909.0)
  - nanopb/encode (2.30909.0)
  - open_file (0.0.1):
    - Flutter
  - OrderedSet (5.0.0)
  - path_provider_foundation (0.0.1):
    - Flutter
    - FlutterMacOS
  - permission_handler_apple (9.1.1):
    - Flutter
  - PromisesObjC (2.3.1)
  - PromisesSwift (2.3.1):
    - PromisesObjC (= 2.3.1)
  - Reachability (3.2)
  - SDWebImage (5.18.3):
    - SDWebImage/Core (= 5.18.3)
  - SDWebImage/Core (5.18.3)
  - SDWebImageWebPCoder (0.14.2):
    - libwebp (~> 1.0)
    - SDWebImage/Core (~> 5.17)
  - shared_preferences_foundation (0.0.1):
    - Flutter
    - FlutterMacOS
  - sqflite (0.0.3):
    - Flutter
    - FMDB (>= 2.7.5)
  - SwiftyGif (5.4.4)
  - Toast (4.0.0)
  - url_launcher_ios (0.0.1):
    - Flutter
  - webview_flutter_wkwebview (0.0.1):
    - Flutter

DEPENDENCIES:
  - connectivity (from `.symlinks/plugins/connectivity/ios`)
  - device_info_plus (from `.symlinks/plugins/device_info_plus/ios`)
  - file_picker (from `.symlinks/plugins/file_picker/ios`)
  - firebase_analytics (from `.symlinks/plugins/firebase_analytics/ios`)
  - firebase_core (from `.symlinks/plugins/firebase_core/ios`)
  - firebase_crashlytics (from `.symlinks/plugins/firebase_crashlytics/ios`)
  - Flutter (from `Flutter`)
  - flutter_downloader (from `.symlinks/plugins/flutter_downloader/ios`)
  - flutter_image_compress_common (from `.symlinks/plugins/flutter_image_compress_common/ios`)
  - flutter_inappwebview (from `.symlinks/plugins/flutter_inappwebview/ios`)
  - flutter_js (from `.symlinks/plugins/flutter_js/ios`)
  - flutter_keyboard_visibility (from `.symlinks/plugins/flutter_keyboard_visibility/ios`)
  - fluttertoast (from `.symlinks/plugins/fluttertoast/ios`)
  - local_auth_ios (from `.symlinks/plugins/local_auth_ios/ios`)
  - open_file (from `.symlinks/plugins/open_file/ios`)
  - path_provider_foundation (from `.symlinks/plugins/path_provider_foundation/darwin`)
  - permission_handler_apple (from `.symlinks/plugins/permission_handler_apple/ios`)
  - shared_preferences_foundation (from `.symlinks/plugins/shared_preferences_foundation/darwin`)
  - sqflite (from `.symlinks/plugins/sqflite/ios`)
  - url_launcher_ios (from `.symlinks/plugins/url_launcher_ios/ios`)
  - webview_flutter_wkwebview (from `.symlinks/plugins/webview_flutter_wkwebview/ios`)

SPEC REPOS:
  trunk:
    - DKImagePickerController
    - DKPhotoGallery
    - Firebase
    - FirebaseAnalytics
    - FirebaseCore
    - FirebaseCoreExtension
    - FirebaseCoreInternal
    - FirebaseCrashlytics
    - FirebaseInstallations
    - FirebaseSessions
    - FMDB
    - GoogleAppMeasurement
    - GoogleDataTransport
    - GoogleUtilities
    - libwebp
    - Mantle
    - nanopb
    - OrderedSet
    - PromisesObjC
    - PromisesSwift
    - Reachability
    - SDWebImage
    - SDWebImageWebPCoder
    - SwiftyGif
    - Toast

EXTERNAL SOURCES:
  connectivity:
    :path: ".symlinks/plugins/connectivity/ios"
  device_info_plus:
    :path: ".symlinks/plugins/device_info_plus/ios"
  file_picker:
    :path: ".symlinks/plugins/file_picker/ios"
  firebase_analytics:
    :path: ".symlinks/plugins/firebase_analytics/ios"
  firebase_core:
    :path: ".symlinks/plugins/firebase_core/ios"
  firebase_crashlytics:
    :path: ".symlinks/plugins/firebase_crashlytics/ios"
  Flutter:
    :path: Flutter
  flutter_downloader:
    :path: ".symlinks/plugins/flutter_downloader/ios"
  flutter_image_compress_common:
    :path: ".symlinks/plugins/flutter_image_compress_common/ios"
  flutter_inappwebview:
    :path: ".symlinks/plugins/flutter_inappwebview/ios"
  flutter_js:
    :path: ".symlinks/plugins/flutter_js/ios"
  flutter_keyboard_visibility:
    :path: ".symlinks/plugins/flutter_keyboard_visibility/ios"
  fluttertoast:
    :path: ".symlinks/plugins/fluttertoast/ios"
  local_auth_ios:
    :path: ".symlinks/plugins/local_auth_ios/ios"
  open_file:
    :path: ".symlinks/plugins/open_file/ios"
  path_provider_foundation:
    :path: ".symlinks/plugins/path_provider_foundation/darwin"
  permission_handler_apple:
    :path: ".symlinks/plugins/permission_handler_apple/ios"
  shared_preferences_foundation:
    :path: ".symlinks/plugins/shared_preferences_foundation/darwin"
  sqflite:
    :path: ".symlinks/plugins/sqflite/ios"
  url_launcher_ios:
    :path: ".symlinks/plugins/url_launcher_ios/ios"
  webview_flutter_wkwebview:
    :path: ".symlinks/plugins/webview_flutter_wkwebview/ios"

SPEC CHECKSUMS:
  connectivity: c4130b2985d4ef6fd26f9702e886bd5260681467
  device_info_plus: 7545d84d8d1b896cb16a4ff98c19f07ec4b298ea
  DKImagePickerController: b512c28220a2b8ac7419f21c491fc8534b7601ac
  DKPhotoGallery: fdfad5125a9fdda9cc57df834d49df790dbb4179
  file_picker: ce3938a0df3cc1ef404671531facef740d03f920
  Firebase: 66043bd4579e5b73811f96829c694c7af8d67435
  firebase_analytics: f153c564d6a7675e56e4f171454b9f1b3e7b6601
  firebase_core: 28e84c2a4fcf6a50ef83f47b145ded8c1fa331e4
  firebase_crashlytics: 36b8a72e23437dbb69bd97102661ce31b6721be5
  FirebaseAnalytics: 47cef43728f81a839cf1306576bdd77ffa2eac7e
  FirebaseCore: 2cec518b43635f96afe7ac3a9c513e47558abd2e
  FirebaseCoreExtension: 2dbc745b337eb99d2026a7a309ae037bd873f45e
  FirebaseCoreInternal: 26233f705cc4531236818a07ac84d20c333e505a
  FirebaseCrashlytics: a83f26fb922a3fe181eb738fb4dcf0c92bba6455
  FirebaseInstallations: b822f91a61f7d1ba763e5ccc9d4f2e6f2ed3b3ee
  FirebaseSessions: 96e7781e545929cde06dd91088ddbb0841391b43
  Flutter: f04841e97a9d0b0a8025694d0796dd46242b2854
  flutter_downloader: b7301ae057deadd4b1650dc7c05375f10ff12c39
  flutter_image_compress_common: ec1d45c362c9d30a3f6a0426c297f47c52007e3e
  flutter_inappwebview: 3d32228f1304635e7c028b0d4252937730bbc6cf
  flutter_js: 95929d4e146e8ceb1c8e1889d8c2065c5d840076
  flutter_keyboard_visibility: 0339d06371254c3eb25eeb90ba8d17dca8f9c069
  fluttertoast: 31b00dabfa7fb7bacd9e7dbee580d7a2ff4bf265
  FMDB: 2ce00b547f966261cd18927a3ddb07cb6f3db82a
  GoogleAppMeasurement: 722db6550d1e6d552b08398b69a975ac61039338
  GoogleDataTransport: 54dee9d48d14580407f8f5fbf2f496e92437a2f2
  GoogleUtilities: 13e2c67ede716b8741c7989e26893d151b2b2084
  libwebp: 1786c9f4ff8a279e4dac1e8f385004d5fc253009
  local_auth_ios: c6cf091ded637a88f24f86a8875d8b0f526e2605
  Mantle: c5aa8794a29a022dfbbfc9799af95f477a69b62d
  nanopb: b552cce312b6c8484180ef47159bc0f65a1f0431
  open_file: 02eb5cb6b21264bd3a696876f5afbfb7ca4f4b7d
  OrderedSet: aaeb196f7fef5a9edf55d89760da9176ad40b93c
  path_provider_foundation: 29f094ae23ebbca9d3d0cec13889cd9060c0e943
  permission_handler_apple: e76247795d700c14ea09e3a2d8855d41ee80a2e6
  PromisesObjC: c50d2056b5253dadbd6c2bea79b0674bd5a52fa4
  PromisesSwift: 28dca69a9c40779916ac2d6985a0192a5cb4a265
  Reachability: 33e18b67625424e47b6cde6d202dce689ad7af96
  SDWebImage: 96e0c18ef14010b7485210e92fac888587ebb958
  SDWebImageWebPCoder: 633b813fca24f1de5e076bcd7f720c038b23892b
  shared_preferences_foundation: 5b919d13b803cadd15ed2dc053125c68730e5126
  sqflite: 31f7eba61e3074736dff8807a9b41581e4f7f15a
  SwiftyGif: 93a1cc87bf3a51916001cf8f3d63835fb64c819f
  Toast: 91b396c56ee72a5790816f40d3a94dd357abc196
  url_launcher_ios: 08a3dfac5fb39e8759aeb0abbd5d9480f30fc8b4
  webview_flutter_wkwebview: b7e70ef1ddded7e69c796c7390ee74180182971f

PODFILE CHECKSUM: 3d2608411ef731a5e331f61617c828db1f3917b7

COCOAPODS: 1.14.2
